// !$*UTF8*$!
{
	archiveVersion = 1;
	classes = {
	};
	objectVersion = 46;
	objects = {

/* Begin PBXBuildFile section */
		812787BD1BFE7E1A004C45EB /* AppDelegate.swift in Sources */ = {isa = PBXBuildFile; fileRef = 812787BC1BFE7E1A004C45EB /* AppDelegate.swift */; };
		812787BF1BFE7E1A004C45EB /* ViewController.swift in Sources */ = {isa = PBXBuildFile; fileRef = 812787BE1BFE7E1A004C45EB /* ViewController.swift */; };
		812787C21BFE7E1A004C45EB /* Main.storyboard in Resources */ = {isa = PBXBuildFile; fileRef = 812787C01BFE7E1A004C45EB /* Main.storyboard */; };
		812787C41BFE7E1A004C45EB /* Assets.xcassets in Resources */ = {isa = PBXBuildFile; fileRef = 812787C31BFE7E1A004C45EB /* Assets.xcassets */; };
		812787C71BFE7E1A004C45EB /* LaunchScreen.storyboard in Resources */ = {isa = PBXBuildFile; fileRef = 812787C51BFE7E1A004C45EB /* LaunchScreen.storyboard */; };
		813C0FB31BFF79CD00B06738 /* ToDoVC.swift in Sources */ = {isa = PBXBuildFile; fileRef = 813C0FB21BFF79CD00B06738 /* ToDoVC.swift */; };
		813C0FB51BFF7B8900B06738 /* AbtVC.swift in Sources */ = {isa = PBXBuildFile; fileRef = 813C0FB41BFF7B8900B06738 /* AbtVC.swift */; };
		813C0FBB1BFF99AF00B06738 /* PhotosVC.swift in Sources */ = {isa = PBXBuildFile; fileRef = 813C0FBA1BFF99AF00B06738 /* PhotosVC.swift */; };
/* End PBXBuildFile section */

/* Begin PBXFileReference section */
		812787B91BFE7E1A004C45EB /* FlorenceOR.app */ = {isa = PBXFileReference; explicitFileType = wrapper.application; includeInIndex = 0; path = FlorenceOR.app; sourceTree = BUILT_PRODUCTS_DIR; };
		812787BC1BFE7E1A004C45EB /* AppDelegate.swift */ = {isa = PBXFileReference; lastKnownFileType = sourcecode.swift; path = AppDelegate.swift; sourceTree = "<group>"; };
		812787BE1BFE7E1A004C45EB /* ViewController.swift */ = {isa = PBXFileReference; lastKnownFileType = sourcecode.swift; path = ViewController.swift; sourceTree = "<group>"; };
		812787C11BFE7E1A004C45EB /* Base */ = {isa = PBXFileReference; lastKnownFileType = file.storyboard; name = Base; path = Base.lproj/Main.storyboard; sourceTree = "<group>"; };
		812787C31BFE7E1A004C45EB /* Assets.xcassets */ = {isa = PBXFileReference; lastKnownFileType = folder.assetcatalog; path = Assets.xcassets; sourceTree = "<group>"; };
		812787C61BFE7E1A004C45EB /* Base */ = {isa = PBXFileReference; lastKnownFileType = file.storyboard; name = Base; path = Base.lproj/LaunchScreen.storyboard; sourceTree = "<group>"; };
		812787C81BFE7E1A004C45EB /* Info.plist */ = {isa = PBXFileReference; lastKnownFileType = text.plist.xml; path = Info.plist; sourceTree = "<group>"; };
		813C0FB21BFF79CD00B06738 /* ToDoVC.swift */ = {isa = PBXFileReference; fileEncoding = 4; lastKnownFileType = sourcecode.swift; path = ToDoVC.swift; sourceTree = "<group>"; };
		813C0FB41BFF7B8900B06738 /* AbtVC.swift */ = {isa = PBXFileReference; fileEncoding = 4; lastKnownFileType = sourcecode.swift; path = AbtVC.swift; sourceTree = "<group>"; };
		813C0FBA1BFF99AF00B06738 /* PhotosVC.swift */ = {isa = PBXFileReference; fileEncoding = 4; lastKnownFileType = sourcecode.swift; path = PhotosVC.swift; sourceTree = "<group>"; };
/* End PBXFileReference section */

/* Begin PBXFrameworksBuildPhase section */
		812787B61BFE7E1A004C45EB /* Frameworks */ = {
			isa = PBXFrameworksBuildPhase;
			buildActionMask = 2147483647;
			files = (
			);
			runOnlyForDeploymentPostprocessing = 0;
		};
/* End PBXFrameworksBuildPhase section */

/* Begin PBXGroup section */
		812787B01BFE7E1A004C45EB = {
			isa = PBXGroup;
			children = (
				812787BB1BFE7E1A004C45EB /* FlorenceOR */,
				812787BA1BFE7E1A004C45EB /* Products */,
			);
			sourceTree = "<group>";
		};
		812787BA1BFE7E1A004C45EB /* Products */ = {
			isa = PBXGroup;
			children = (
				812787B91BFE7E1A004C45EB /* FlorenceOR.app */,
			);
			name = Products;
			sourceTree = "<group>";
		};
		812787BB1BFE7E1A004C45EB /* FlorenceOR */ = {
			isa = PBXGroup;
			children = (
				812787BC1BFE7E1A004C45EB /* AppDelegate.swift */,
				812787BE1BFE7E1A004C45EB /* ViewController.swift */,
				812787C01BFE7E1A004C45EB /* Main.storyboard */,
				812787C31BFE7E1A004C45EB /* Assets.xcassets */,
				812787C51BFE7E1A004C45EB /* LaunchScreen.storyboard */,
				812787C81BFE7E1A004C45EB /* Info.plist */,
				813C0FB21BFF79CD00B06738 /* ToDoVC.swift */,
				813C0FB41BFF7B8900B06738 /* AbtVC.swift */,
				813C0FBA1BFF99AF00B06738 /* PhotosVC.swift */,
			);
			path = FlorenceOR;
			sourceTree = "<group>";
		};
/* End PBXGroup section */

/* Begin PBXNativeTarget section */
		812787B81BFE7E1A004C45EB /* FlorenceOR */ = {
			isa = PBXNativeTarget;
			buildConfigurationList = 812787CB1BFE7E1A004C45EB /* Build configuration list for PBXNativeTarget "FlorenceOR" */;
			buildPhases = (
				812787B51BFE7E1A004C45EB /* Sources */,
				812787B61BFE7E1A004C45EB /* Frameworks */,
				812787B71BFE7E1A004C45EB /* Resources */,
			);
			buildRules = (
			);
			dependencies = (
			);
			name = FlorenceOR;
			productName = FlorenceOR;
			productReference = 812787B91BFE7E1A004C45EB /* FlorenceOR.app */;
			productType = "com.apple.product-type.application";
		};
/* End PBXNativeTarget section */

/* Begin PBXProject section */
		812787B11BFE7E1A004C45EB /* Project object */ = {
			isa = PBXProject;
			attributes = {
				LastSwiftUpdateCheck = 0710;
				LastUpgradeCheck = 0710;
				ORGANIZATIONNAME = femtobyte;
				TargetAttributes = {
					812787B81BFE7E1A004C45EB = {
						CreatedOnToolsVersion = 7.1.1;
						DevelopmentTeam = X2E3X7D3QU;
					};
				};
			};
			buildConfigurationList = 812787B41BFE7E1A004C45EB /* Build configuration list for PBXProject "FlorenceOR" */;
			compatibilityVersion = "Xcode 3.2";
			developmentRegion = English;
			hasScannedForEncodings = 0;
			knownRegions = (
				en,
				Base,
			);
			mainGroup = 812787B01BFE7E1A004C45EB;
			productRefGroup = 812787BA1BFE7E1A004C45EB /* Products */;
			projectDirPath = "";
			projectRoot = "";
			targets = (
				812787B81BFE7E1A004C45EB /* FlorenceOR */,
			);
		};
/* End PBXProject section */

/* Begin PBXResourcesBuildPhase section */
		812787B71BFE7E1A004C45EB /* Resources */ = {
			isa = PBXResourcesBuildPhase;
			buildActionMask = 2147483647;
			files = (
				812787C71BFE7E1A004C45EB /* LaunchScreen.storyboard in Resources */,
				812787C41BFE7E1A004C45EB /* Assets.xcassets in Resources */,
				812787C21BFE7E1A004C45EB /* Main.storyboard in Resources */,
			);
			runOnlyForDeploymentPostprocessing = 0;
		};
/* End PBXResourcesBuildPhase section */

/* Begin PBXSourcesBuildPhase section */
		812787B51BFE7E1A004C45EB /* Sources */ = {
			isa = PBXSourcesBuildPhase;
			buildActionMask = 2147483647;
			files = (
				813C0FB51BFF7B8900B06738 /* AbtVC.swift in Sources */,
				812787BF1BFE7E1A004C45EB /* ViewController.swift in Sources */,
				812787BD1BFE7E1A004C45EB /* AppDelegate.swift in Sources */,
				813C0FB31BFF79CD00B06738 /* ToDoVC.swift in Sources */,
				813C0FBB1BFF99AF00B06738 /* PhotosVC.swift in Sources */,
			);
			runOnlyForDeploymentPostprocessing = 0;
		};
/* End PBXSourcesBuildPhase section */

/* Begin PBXVariantGroup section */
		812787C01BFE7E1A004C45EB /* Main.storyboard */ = {
			isa = PBXVariantGroup;
			children = (
				812787C11BFE7E1A004C45EB /* Base */,
			);
			name = Main.storyboard;
			sourceTree = "<group>";
		};
		812787C51BFE7E1A004C45EB /* LaunchScreen.storyboard */ = {
			isa = PBXVariantGroup;
			children = (
				812787C61BFE7E1A004C45EB /* Base */,
			);
			name = LaunchScreen.storyboard;
			sourceTree = "<group>";
		};
/* End PBXVariantGroup section */

/* Begin XCBuildConfiguration section */
		812787C91BFE7E1A004C45EB /* Debug */ = {
			isa = XCBuildConfiguration;
			buildSettings = {
				ALWAYS_SEARCH_USER_PATHS = NO;
				CLANG_CXX_LANGUAGE_STANDARD = "gnu++0x";
				CLANG_CXX_LIBRARY = "libc++";
				CLANG_ENABLE_MODULES = YES;
				CLANG_ENABLE_OBJC_ARC = YES;
				CLANG_WARN_BOOL_CONVERSION = YES;
				CLANG_WARN_CONSTANT_CONVERSION = YES;
				CLANG_WARN_DIRECT_OBJC_ISA_USAGE = YES_ERROR;
				CLANG_WARN_EMPTY_BODY = YES;
				CLANG_WARN_ENUM_CONVERSION = YES;
				CLANG_WARN_INT_CONVERSION = YES;
				CLANG_WARN_OBJC_ROOT_CLASS = YES_ERROR;
				CLANG_WARN_UNREACHABLE_CODE = YES;
				CLANG_WARN__DUPLICATE_METHOD_MATCH = YES;
				"CODE_SIGN_IDENTITY[sdk=iphoneos*]" = "iPhone Developer";
				COPY_PHASE_STRIP = NO;
				DEBUG_INFORMATION_FORMAT = dwarf;
				ENABLE_STRICT_OBJC_MSGSEND = YES;
				ENABLE_TESTABILITY = YES;
				GCC_C_LANGUAGE_STANDARD = gnu99;
				GCC_DYNAMIC_NO_PIC = NO;
				GCC_NO_COMMON_BLOCKS = YES;
				GCC_OPTIMIZATION_LEVEL = 0;
				GCC_PREPROCESSOR_DEFINITIONS = (
					"DEBUG=1",
					"$(inherited)",
				);
				GCC_WARN_64_TO_32_BIT_CONVERSION = YES;
				GCC_WARN_ABOUT_RETURN_TYPE = YES_ERROR;
				GCC_WARN_UNDECLARED_SELECTOR = YES;
				GCC_WARN_UNINITIALIZED_AUTOS = YES_AGGRESSIVE;
				GCC_WARN_UNUSED_FUNCTION = YES;
				GCC_WARN_UNUSED_VARIABLE = YES;
				IPHONEOS_DEPLOYMENT_TARGET = 9.1;
				MTL_ENABLE_DEBUG_INFO = YES;
				ONLY_ACTIVE_ARCH = YES;
				SDKROOT = iphoneos;
				SWIFT_OPTIMIZATION_LEVEL = "-Onone";
			};
			name = Debug;
		};
		812787CA1BFE7E1A004C45EB /* Release */ = {
			isa = XCBuildConfiguration;
			buildSettings = {
				ALWAYS_SEARCH_USER_PATHS = NO;
				CLANG_CXX_LANGUAGE_STANDARD = "gnu++0x";
				CLANG_CXX_LIBRARY = "libc++";
				CLANG_ENABLE_MODULES = YES;
				CLANG_ENABLE_OBJC_ARC = YES;
				CLANG_WARN_BOOL_CONVERSION = YES;
				CLANG_WARN_CONSTANT_CONVERSION = YES;
				CLANG_WARN_DIRECT_OBJC_ISA_USAGE = YES_ERROR;
				CLANG_WARN_EMPTY_BODY = YES;
				CLANG_WARN_ENUM_CONVERSION = YES;
				CLANG_WARN_INT_CONVERSION = YES;
				CLANG_WARN_OBJC_ROOT_CLASS = YES_ERROR;
				CLANG_WARN_UNREACHABLE_CODE = YES;
				CLANG_WARN__DUPLICATE_METHOD_MATCH = YES;
				"CODE_SIGN_IDENTITY[sdk=iphoneos*]" = "iPhone Developer";
				COPY_PHASE_STRIP = NO;
				DEBUG_INFORMATION_FORMAT = "dwarf-with-dsym";
				ENABLE_NS_ASSERTIONS = NO;
				ENABLE_STRICT_OBJC_MSGSEND = YES;
				GCC_C_LANGUAGE_STANDARD = gnu99;
				GCC_NO_COMMON_BLOCKS = YES;
				GCC_WARN_64_TO_32_BIT_CONVERSION = YES;
				GCC_WARN_ABOUT_RETURN_TYPE = YES_ERROR;
				GCC_WARN_UNDECLARED_SELECTOR = YES;
				GCC_WARN_UNINITIALIZED_AUTOS = YES_AGGRESSIVE;
				GCC_WARN_UNUSED_FUNCTION = YES;
				GCC_WARN_UNUSED_VARIABLE = YES;
				IPHONEOS_DEPLOYMENT_TARGET = 9.1;
				MTL_ENABLE_DEBUG_INFO = NO;
				SDKROOT = iphoneos;
				VALIDATE_PRODUCT = YES;
			};
			name = Release;
		};
		812787CC1BFE7E1A004C45EB /* Debug */ = {
			isa = XCBuildConfiguration;
			buildSettings = {
				ASSETCATALOG_COMPILER_APPICON_NAME = AppIcon;
				INFOPLIST_FILE = FlorenceOR/Info.plist;
				LD_RUNPATH_SEARCH_PATHS = "$(inherited) @executable_path/Frameworks";
				PRODUCT_BUNDLE_IDENTIFIER = com.femtobyte.FlorenceOR;
				PRODUCT_NAME = "$(TARGET_NAME)";
			};
			name = Debug;
		};
		812787CD1BFE7E1A004C45EB /* Release */ = {
			isa = XCBuildConfiguration;
			buildSettings = {
				ASSETCATALOG_COMPILER_APPICON_NAME = AppIcon;
				INFOPLIST_FILE = FlorenceOR/Info.plist;
				LD_RUNPATH_SEARCH_PATHS = "$(inherited) @executable_path/Frameworks";
				PRODUCT_BUNDLE_IDENTIFIER = com.femtobyte.FlorenceOR;
				PRODUCT_NAME = "$(TARGET_NAME)";
			};
			name = Release;
		};
/* End XCBuildConfiguration section */

/* Begin XCConfigurationList section */
		812787B41BFE7E1A004C45EB /* Build configuration list for PBXProject "FlorenceOR" */ = {
			isa = XCConfigurationList;
			buildConfigurations = (
				812787C91BFE7E1A004C45EB /* Debug */,
				812787CA1BFE7E1A004C45EB /* Release */,
			);
			defaultConfigurationIsVisible = 0;
			defaultConfigurationName = Release;
		};
		812787CB1BFE7E1A004C45EB /* Build configuration list for PBXNativeTarget "FlorenceOR" */ = {
			isa = XCConfigurationList;
			buildConfigurations = (
				812787CC1BFE7E1A004C45EB /* Debug */,
				812787CD1BFE7E1A004C45EB /* Release */,
			);
			defaultConfigurationIsVisible = 0;
			defaultConfigurationName = Release;
		};
/* End XCConfigurationList section */
	};
	rootObject = 812787B11BFE7E1A004C45EB /* Project object */;
}
